
Microsoft Visual Studio Solution File, Format Version 12.00
# Visual Studio Version 17
VisualStudioVersion = 17.12.35527.113 d17.12
MinimumVisualStudioVersion = 10.0.40219.1
Project("{FAE04EC0-301F-11D3-BF4B-00C04F79EFBC}") = "CamundaProject.Api", "CamundaProject.Api\CamundaProject.Api.csproj", "{8C60B5FE-D85D-4893-8399-272D3BB57806}"
EndProject
Project("{FAE04EC0-301F-11D3-BF4B-00C04F79EFBC}") = "CamundaProject.Infrastructure", "CamundaProject.Infrastructure\CamundaProject.Infrastructure.csproj", "{35C7F24E-10F5-4067-8359-9FFCDEBDA350}"
EndProject
Project("{FAE04EC0-301F-11D3-BF4B-00C04F79EFBC}") = "CamundaProject.Core", "CamundaProject.Core\CamundaProject.Core.csproj", "{D4A79BB4-5AA8-4E27-B834-50B566510F36}"
EndProject
Project("{FAE04EC0-301F-11D3-BF4B-00C04F79EFBC}") = "CamundaProject.Application", "CamundaProject.Application\CamundaProject.Application.csproj", "{A48F1266-149C-462E-8531-3CD2136C7605}"
EndProject
Global
	GlobalSection(SolutionConfigurationPlatforms) = preSolution
		Debug|Any CPU = Debug|Any CPU
		Release|Any CPU = Release|Any CPU
	EndGlobalSection
	GlobalSection(ProjectConfigurationPlatforms) = postSolution
		{8C60B5FE-D85D-4893-8399-272D3BB57806}.Debug|Any CPU.ActiveCfg = Debug|Any CPU
		{8C60B5FE-D85D-4893-8399-272D3BB57806}.Debug|Any CPU.Build.0 = Debug|Any CPU
		{8C60B5FE-D85D-4893-8399-272D3BB57806}.Release|Any CPU.ActiveCfg = Release|Any CPU
		{8C60B5FE-D85D-4893-8399-272D3BB57806}.Release|Any CPU.Build.0 = Release|Any CPU
		{35C7F24E-10F5-4067-8359-9FFCDEBDA350}.Debug|Any CPU.ActiveCfg = Debug|Any CPU
		{35C7F24E-10F5-4067-8359-9FFCDEBDA350}.Debug|Any CPU.Build.0 = Debug|Any CPU
		{35C7F24E-10F5-4067-8359-9FFCDEBDA350}.Release|Any CPU.ActiveCfg = Release|Any CPU
		{35C7F24E-10F5-4067-8359-9FFCDEBDA350}.Release|Any CPU.Build.0 = Release|Any CPU
		{D4A79BB4-5AA8-4E27-B834-50B566510F36}.Debug|Any CPU.ActiveCfg = Debug|Any CPU
		{D4A79BB4-5AA8-4E27-B834-50B566510F36}.Debug|Any CPU.Build.0 = Debug|Any CPU
		{D4A79BB4-5AA8-4E27-B834-50B566510F36}.Release|Any CPU.ActiveCfg = Release|Any CPU
		{D4A79BB4-5AA8-4E27-B834-50B566510F36}.Release|Any CPU.Build.0 = Release|Any CPU
		{A48F1266-149C-462E-8531-3CD2136C7605}.Debug|Any CPU.ActiveCfg = Debug|Any CPU
		{A48F1266-149C-462E-8531-3CD2136C7605}.Debug|Any CPU.Build.0 = Debug|Any CPU
		{A48F1266-149C-462E-8531-3CD2136C7605}.Release|Any CPU.ActiveCfg = Release|Any CPU
		{A48F1266-149C-462E-8531-3CD2136C7605}.Release|Any CPU.Build.0 = Release|Any CPU
	EndGlobalSection
	GlobalSection(SolutionProperties) = preSolution
		HideSolutionNode = FALSE
	EndGlobalSection
EndGlobal
